
Microsoft Visual Studio Solution File, Format Version 12.00
# Visual Studio 2013
VisualStudioVersion = 12.0.31101.0
MinimumVisualStudioVersion = 10.0.40219.1
Project("{FAE04EC0-301F-11D3-BF4B-00C04F79EFBC}") = "UserExpense.WebApi", "Grid2\UserExpense.WebApi.csproj", "{C29BD8E4-D845-412E-9AAA-F8EE4E13756D}"
EndProject
Project("{FAE04EC0-301F-11D3-BF4B-00C04F79EFBC}") = "UserExpense.Data", "UserExpense.Data\UserExpense.Data.csproj", "{4A8F8105-CF10-4C27-B68F-4AE500A52189}"
EndProject
Project("{FAE04EC0-301F-11D3-BF4B-00C04F79EFBC}") = "UserExpense.Ng", "UserExpense.Ng\UserExpense.Ng.csproj", "{2C1A7EEA-6B61-4A11-88AF-893060DFB31D}"
EndProject
Global
	GlobalSection(SolutionConfigurationPlatforms) = preSolution
		Debug|Any CPU = Debug|Any CPU
		Release|Any CPU = Release|Any CPU
	EndGlobalSection
	GlobalSection(ProjectConfigurationPlatforms) = postSolution
		{C29BD8E4-D845-412E-9AAA-F8EE4E13756D}.Debug|Any CPU.ActiveCfg = Debug|Any CPU
		{C29BD8E4-D845-412E-9AAA-F8EE4E13756D}.Debug|Any CPU.Build.0 = Debug|Any CPU
		{C29BD8E4-D845-412E-9AAA-F8EE4E13756D}.Release|Any CPU.ActiveCfg = Release|Any CPU
		{C29BD8E4-D845-412E-9AAA-F8EE4E13756D}.Release|Any CPU.Build.0 = Release|Any CPU
		{4A8F8105-CF10-4C27-B68F-4AE500A52189}.Debug|Any CPU.ActiveCfg = Debug|Any CPU
		{4A8F8105-CF10-4C27-B68F-4AE500A52189}.Debug|Any CPU.Build.0 = Debug|Any CPU
		{4A8F8105-CF10-4C27-B68F-4AE500A52189}.Release|Any CPU.ActiveCfg = Release|Any CPU
		{4A8F8105-CF10-4C27-B68F-4AE500A52189}.Release|Any CPU.Build.0 = Release|Any CPU
		{2C1A7EEA-6B61-4A11-88AF-893060DFB31D}.Debug|Any CPU.ActiveCfg = Debug|Any CPU
		{2C1A7EEA-6B61-4A11-88AF-893060DFB31D}.Debug|Any CPU.Build.0 = Debug|Any CPU
		{2C1A7EEA-6B61-4A11-88AF-893060DFB31D}.Release|Any CPU.ActiveCfg = Release|Any CPU
		{2C1A7EEA-6B61-4A11-88AF-893060DFB31D}.Release|Any CPU.Build.0 = Release|Any CPU
	EndGlobalSection
	GlobalSection(SolutionProperties) = preSolution
		HideSolutionNode = FALSE
	EndGlobalSection
EndGlobal
